// !$*UTF8*$!
{
	archiveVersion = 1;
	classes = {
	};
	objectVersion = 48;
	objects = {

/* Begin PBXBuildFile section */
		E966F6271FE21BE5005D250E /* AppDelegate.m in Sources */ = {isa = PBXBuildFile; fileRef = E966F6261FE21BE5005D250E /* AppDelegate.m */; };
		E966F62D1FE21BE5005D250E /* Main.storyboard in Resources */ = {isa = PBXBuildFile; fileRef = E966F62B1FE21BE5005D250E /* Main.storyboard */; };
		E966F62F1FE21BE5005D250E /* Assets.xcassets in Resources */ = {isa = PBXBuildFile; fileRef = E966F62E1FE21BE5005D250E /* Assets.xcassets */; };
		E966F6321FE21BE5005D250E /* LaunchScreen.storyboard in Resources */ = {isa = PBXBuildFile; fileRef = E966F6301FE21BE5005D250E /* LaunchScreen.storyboard */; };
		E966F6351FE21BE5005D250E /* main.m in Sources */ = {isa = PBXBuildFile; fileRef = E966F6341FE21BE5005D250E /* main.m */; };
		E966F63D1FF1A813005D250E /* TestTableViewController.m in Sources */ = {isa = PBXBuildFile; fileRef = E966F63C1FF1A813005D250E /* TestTableViewController.m */; };
/* End PBXBuildFile section */

/* Begin PBXFileReference section */
		E966F6221FE21BE5005D250E /* Search Sample.app */ = {isa = PBXFileReference; explicitFileType = wrapper.application; includeInIndex = 0; path = "Search Sample.app"; sourceTree = BUILT_PRODUCTS_DIR; };
		E966F6251FE21BE5005D250E /* AppDelegate.h */ = {isa = PBXFileReference; lastKnownFileType = sourcecode.c.h; path = AppDelegate.h; sourceTree = "<group>"; };
		E966F6261FE21BE5005D250E /* AppDelegate.m */ = {isa = PBXFileReference; lastKnownFileType = sourcecode.c.objc; path = AppDelegate.m; sourceTree = "<group>"; };
		E966F62C1FE21BE5005D250E /* Base */ = {isa = PBXFileReference; lastKnownFileType = file.storyboard; name = Base; path = Base.lproj/Main.storyboard; sourceTree = "<group>"; };
		E966F62E1FE21BE5005D250E /* Assets.xcassets */ = {isa = PBXFileReference; lastKnownFileType = folder.assetcatalog; path = Assets.xcassets; sourceTree = "<group>"; };
		E966F6311FE21BE5005D250E /* Base */ = {isa = PBXFileReference; lastKnownFileType = file.storyboard; name = Base; path = Base.lproj/LaunchScreen.storyboard; sourceTree = "<group>"; };
		E966F6331FE21BE5005D250E /* Info.plist */ = {isa = PBXFileReference; lastKnownFileType = text.plist.xml; path = Info.plist; sourceTree = "<group>"; };
		E966F6341FE21BE5005D250E /* main.m */ = {isa = PBXFileReference; lastKnownFileType = sourcecode.c.objc; path = main.m; sourceTree = "<group>"; };
		E966F63B1FF1A813005D250E /* TestTableViewController.h */ = {isa = PBXFileReference; lastKnownFileType = sourcecode.c.h; path = TestTableViewController.h; sourceTree = "<group>"; };
		E966F63C1FF1A813005D250E /* TestTableViewController.m */ = {isa = PBXFileReference; lastKnownFileType = sourcecode.c.objc; path = TestTableViewController.m; sourceTree = "<group>"; };
/* End PBXFileReference section */

/* Begin PBXFrameworksBuildPhase section */
		E966F61F1FE21BE5005D250E /* Frameworks */ = {
			isa = PBXFrameworksBuildPhase;
			buildActionMask = 2147483647;
			files = (
			);
			runOnlyForDeploymentPostprocessing = 0;
		};
/* End PBXFrameworksBuildPhase section */

/* Begin PBXGroup section */
		E966F6191FE21BE5005D250E = {
			isa = PBXGroup;
			children = (
				E966F6241FE21BE5005D250E /* Search Sample */,
				E966F6231FE21BE5005D250E /* Products */,
			);
			sourceTree = "<group>";
		};
		E966F6231FE21BE5005D250E /* Products */ = {
			isa = PBXGroup;
			children = (
				E966F6221FE21BE5005D250E /* Search Sample.app */,
			);
			name = Products;
			sourceTree = "<group>";
		};
		E966F6241FE21BE5005D250E /* Search Sample */ = {
			isa = PBXGroup;
			children = (
				E966F6251FE21BE5005D250E /* AppDelegate.h */,
				E966F6261FE21BE5005D250E /* AppDelegate.m */,
				E966F62B1FE21BE5005D250E /* Main.storyboard */,
				E966F62E1FE21BE5005D250E /* Assets.xcassets */,
				E966F6301FE21BE5005D250E /* LaunchScreen.storyboard */,
				E966F6331FE21BE5005D250E /* Info.plist */,
				E966F6341FE21BE5005D250E /* main.m */,
				E966F63B1FF1A813005D250E /* TestTableViewController.h */,
				E966F63C1FF1A813005D250E /* TestTableViewController.m */,
			);
			path = "Search Sample";
			sourceTree = "<group>";
		};
/* End PBXGroup section */

/* Begin PBXNativeTarget section */
		E966F6211FE21BE5005D250E /* Search Sample */ = {
			isa = PBXNativeTarget;
			buildConfigurationList = E966F6381FE21BE5005D250E /* Build configuration list for PBXNativeTarget "Search Sample" */;
			buildPhases = (
				E966F61E1FE21BE5005D250E /* Sources */,
				E966F61F1FE21BE5005D250E /* Frameworks */,
				E966F6201FE21BE5005D250E /* Resources */,
			);
			buildRules = (
			);
			dependencies = (
			);
			name = "Search Sample";
			productName = "Search Sample";
			productReference = E966F6221FE21BE5005D250E /* Search Sample.app */;
			productType = "com.apple.product-type.application";
		};
/* End PBXNativeTarget section */

/* Begin PBXProject section */
		E966F61A1FE21BE5005D250E /* Project object */ = {
			isa = PBXProject;
			attributes = {
				LastUpgradeCheck = 0920;
				ORGANIZATIONNAME = "Unplugged Ideas, LLC";
				TargetAttributes = {
					E966F6211FE21BE5005D250E = {
						CreatedOnToolsVersion = 9.2;
						ProvisioningStyle = Automatic;
					};
				};
			};
			buildConfigurationList = E966F61D1FE21BE5005D250E /* Build configuration list for PBXProject "Search Sample" */;
			compatibilityVersion = "Xcode 8.0";
			developmentRegion = en;
			hasScannedForEncodings = 0;
			knownRegions = (
				en,
				Base,
			);
			mainGroup = E966F6191FE21BE5005D250E;
			productRefGroup = E966F6231FE21BE5005D250E /* Products */;
			projectDirPath = "";
			projectRoot = "";
			targets = (
				E966F6211FE21BE5005D250E /* Search Sample */,
			);
		};
/* End PBXProject section */

/* Begin PBXResourcesBuildPhase section */
		E966F6201FE21BE5005D250E /* Resources */ = {
			isa = PBXResourcesBuildPhase;
			buildActionMask = 2147483647;
			files = (
				E966F6321FE21BE5005D250E /* LaunchScreen.storyboard in Resources */,
				E966F62F1FE21BE5005D250E /* Assets.xcassets in Resources */,
				E966F62D1FE21BE5005D250E /* Main.storyboard in Resources */,
			);
			runOnlyForDeploymentPostprocessing = 0;
		};
/* End PBXResourcesBuildPhase section */

/* Begin PBXSourcesBuildPhase section */
		E966F61E1FE21BE5005D250E /* Sources */ = {
			isa = PBXSourcesBuildPhase;
			buildActionMask = 2147483647;
			files = (
				E966F63D1FF1A813005D250E /* TestTableViewController.m in Sources */,
				E966F6351FE21BE5005D250E /* main.m in Sources */,
				E966F6271FE21BE5005D250E /* AppDelegate.m in Sources */,
			);
			runOnlyForDeploymentPostprocessing = 0;
		};
/* End PBXSourcesBuildPhase section */

/* Begin PBXVariantGroup section */
		E966F62B1FE21BE5005D250E /* Main.storyboard */ = {
			isa = PBXVariantGroup;
			children = (
				E966F62C1FE21BE5005D250E /* Base */,
			);
			name = Main.storyboard;
			sourceTree = "<group>";
		};
		E966F6301FE21BE5005D250E /* LaunchScreen.storyboard */ = {
			isa = PBXVariantGroup;
			children = (
				E966F6311FE21BE5005D250E /* Base */,
			);
			name = LaunchScreen.storyboard;
			sourceTree = "<group>";
		};
/* End PBXVariantGroup section */

/* Begin XCBuildConfiguration section */
		E966F6361FE21BE5005D250E /* Debug */ = {
			isa = XCBuildConfiguration;
			buildSettings = {
				ALWAYS_SEARCH_USER_PATHS = NO;
				CLANG_ANALYZER_NONNULL = YES;
				CLANG_ANALYZER_NUMBER_OBJECT_CONVERSION = YES_AGGRESSIVE;
				CLANG_CXX_LANGUAGE_STANDARD = "gnu++14";
				CLANG_CXX_LIBRARY = "libc++";
				CLANG_ENABLE_MODULES = YES;
				CLANG_ENABLE_OBJC_ARC = YES;
				CLANG_WARN_BLOCK_CAPTURE_AUTORELEASING = YES;
				CLANG_WARN_BOOL_CONVERSION = YES;
				CLANG_WARN_COMMA = YES;
				CLANG_WARN_CONSTANT_CONVERSION = YES;
				CLANG_WARN_DIRECT_OBJC_ISA_USAGE = YES_ERROR;
				CLANG_WARN_DOCUMENTATION_COMMENTS = YES;
				CLANG_WARN_EMPTY_BODY = YES;
				CLANG_WARN_ENUM_CONVERSION = YES;
				CLANG_WARN_INFINITE_RECURSION = YES;
				CLANG_WARN_INT_CONVERSION = YES;
				CLANG_WARN_NON_LITERAL_NULL_CONVERSION = YES;
				CLANG_WARN_OBJC_LITERAL_CONVERSION = YES;
				CLANG_WARN_OBJC_ROOT_CLASS = YES_ERROR;
				CLANG_WARN_RANGE_LOOP_ANALYSIS = YES;
				CLANG_WARN_STRICT_PROTOTYPES = YES;
				CLANG_WARN_SUSPICIOUS_MOVE = YES;
				CLANG_WARN_UNGUARDED_AVAILABILITY = YES_AGGRESSIVE;
				CLANG_WARN_UNREACHABLE_CODE = YES;
				CLANG_WARN__DUPLICATE_METHOD_MATCH = YES;
				CODE_SIGN_IDENTITY = "iPhone Developer";
				COPY_PHASE_STRIP = NO;
				DEBUG_INFORMATION_FORMAT = dwarf;
				ENABLE_STRICT_OBJC_MSGSEND = YES;
				ENABLE_TESTABILITY = YES;
				GCC_C_LANGUAGE_STANDARD = gnu11;
				GCC_DYNAMIC_NO_PIC = NO;
				GCC_NO_COMMON_BLOCKS = YES;
				GCC_OPTIMIZATION_LEVEL = 0;
				GCC_PREPROCESSOR_DEFINITIONS = (
					"DEBUG=1",
					"$(inherited)",
				);
				GCC_WARN_64_TO_32_BIT_CONVERSION = YES;
				GCC_WARN_ABOUT_RETURN_TYPE = YES_ERROR;
				GCC_WARN_UNDECLARED_SELECTOR = YES;
				GCC_WARN_UNINITIALIZED_AUTOS = YES_AGGRESSIVE;
				GCC_WARN_UNUSED_FUNCTION = YES;
				GCC_WARN_UNUSED_VARIABLE = YES;
				IPHONEOS_DEPLOYMENT_TARGET = 11.2;
				MTL_ENABLE_DEBUG_INFO = YES;
				ONLY_ACTIVE_ARCH = YES;
				SDKROOT = iphoneos;
			};
			name = Debug;
		};
		E966F6371FE21BE5005D250E /* Release */ = {
			isa = XCBuildConfiguration;
			buildSettings = {
				ALWAYS_SEARCH_USER_PATHS = NO;
				CLANG_ANALYZER_NONNULL = YES;
				CLANG_ANALYZER_NUMBER_OBJECT_CONVERSION = YES_AGGRESSIVE;
				CLANG_CXX_LANGUAGE_STANDARD = "gnu++14";
				CLANG_CXX_LIBRARY = "libc++";
				CLANG_ENABLE_MODULES = YES;
				CLANG_ENABLE_OBJC_ARC = YES;
				CLANG_WARN_BLOCK_CAPTURE_AUTORELEASING = YES;
				CLANG_WARN_BOOL_CONVERSION = YES;
				CLANG_WARN_COMMA = YES;
				CLANG_WARN_CONSTANT_CONVERSION = YES;
				CLANG_WARN_DIRECT_OBJC_ISA_USAGE = YES_ERROR;
				CLANG_WARN_DOCUMENTATION_COMMENTS = YES;
				CLANG_WARN_EMPTY_BODY = YES;
				CLANG_WARN_ENUM_CONVERSION = YES;
				CLANG_WARN_INFINITE_RECURSION = YES;
				CLANG_WARN_INT_CONVERSION = YES;
				CLANG_WARN_NON_LITERAL_NULL_CONVERSION = YES;
				CLANG_WARN_OBJC_LITERAL_CONVERSION = YES;
				CLANG_WARN_OBJC_ROOT_CLASS = YES_ERROR;
				CLANG_WARN_RANGE_LOOP_ANALYSIS = YES;
				CLANG_WARN_STRICT_PROTOTYPES = YES;
				CLANG_WARN_SUSPICIOUS_MOVE = YES;
				CLANG_WARN_UNGUARDED_AVAILABILITY = YES_AGGRESSIVE;
				CLANG_WARN_UNREACHABLE_CODE = YES;
				CLANG_WARN__DUPLICATE_METHOD_MATCH = YES;
				CODE_SIGN_IDENTITY = "iPhone Developer";
				COPY_PHASE_STRIP = NO;
				DEBUG_INFORMATION_FORMAT = "dwarf-with-dsym";
				ENABLE_NS_ASSERTIONS = NO;
				ENABLE_STRICT_OBJC_MSGSEND = YES;
				GCC_C_LANGUAGE_STANDARD = gnu11;
				GCC_NO_COMMON_BLOCKS = YES;
				GCC_WARN_64_TO_32_BIT_CONVERSION = YES;
				GCC_WARN_ABOUT_RETURN_TYPE = YES_ERROR;
				GCC_WARN_UNDECLARED_SELECTOR = YES;
				GCC_WARN_UNINITIALIZED_AUTOS = YES_AGGRESSIVE;
				GCC_WARN_UNUSED_FUNCTION = YES;
				GCC_WARN_UNUSED_VARIABLE = YES;
				IPHONEOS_DEPLOYMENT_TARGET = 11.2;
				MTL_ENABLE_DEBUG_INFO = NO;
				SDKROOT = iphoneos;
				VALIDATE_PRODUCT = YES;
			};
			name = Release;
		};
		E966F6391FE21BE5005D250E /* Debug */ = {
			isa = XCBuildConfiguration;
			buildSettings = {
				ASSETCATALOG_COMPILER_APPICON_NAME = AppIcon;
				CODE_SIGN_STYLE = Automatic;
				DEVELOPMENT_TEAM = U4D2A4LEAL;
				INFOPLIST_FILE = "Search Sample/Info.plist";
				LD_RUNPATH_SEARCH_PATHS = "$(inherited) @executable_path/Frameworks";
				PRODUCT_BUNDLE_IDENTIFIER = "com.unpluggedideas.Search-Sample";
				PRODUCT_NAME = "$(TARGET_NAME)";
				TARGETED_DEVICE_FAMILY = "1,2";
			};
			name = Debug;
		};
		E966F63A1FE21BE5005D250E /* Release */ = {
			isa = XCBuildConfiguration;
			buildSettings = {
				ASSETCATALOG_COMPILER_APPICON_NAME = AppIcon;
				CODE_SIGN_STYLE = Automatic;
				DEVELOPMENT_TEAM = U4D2A4LEAL;
				INFOPLIST_FILE = "Search Sample/Info.plist";
				LD_RUNPATH_SEARCH_PATHS = "$(inherited) @executable_path/Frameworks";
				PRODUCT_BUNDLE_IDENTIFIER = "com.unpluggedideas.Search-Sample";
				PRODUCT_NAME = "$(TARGET_NAME)";
				TARGETED_DEVICE_FAMILY = "1,2";
			};
			name = Release;
		};
/* End XCBuildConfiguration section */

/* Begin XCConfigurationList section */
		E966F61D1FE21BE5005D250E /* Build configuration list for PBXProject "Search Sample" */ = {
			isa = XCConfigurationList;
			buildConfigurations = (
				E966F6361FE21BE5005D250E /* Debug */,
				E966F6371FE21BE5005D250E /* Release */,
			);
			defaultConfigurationIsVisible = 0;
			defaultConfigurationName = Release;
		};
		E966F6381FE21BE5005D250E /* Build configuration list for PBXNativeTarget "Search Sample" */ = {
			isa = XCConfigurationList;
			buildConfigurations = (
				E966F6391FE21BE5005D250E /* Debug */,
				E966F63A1FE21BE5005D250E /* Release */,
			);
			defaultConfigurationIsVisible = 0;
			defaultConfigurationName = Release;
		};
/* End XCConfigurationList section */
	};
	rootObject = E966F61A1FE21BE5005D250E /* Project object */;
}
